
Microsoft Visual Studio Solution File, Format Version 12.00
# Visual Studio Version 16
VisualStudioVersion = 16.0.30204.135
MinimumVisualStudioVersion = 10.0.40219.1
Project("{FAE04EC0-301F-11D3-BF4B-00C04F79EFBC}") = "MLtest", "MLtest\MLtest.csproj", "{7FE46A10-CD35-4C28-8D36-93A96BDBB947}"
EndProject
Global
	GlobalSection(SolutionConfigurationPlatforms) = preSolution
		Debug|Any CPU = Debug|Any CPU
		Release|Any CPU = Release|Any CPU
	EndGlobalSection
	GlobalSection(ProjectConfigurationPlatforms) = postSolution
		{7FE46A10-CD35-4C28-8D36-93A96BDBB947}.Debug|Any CPU.ActiveCfg = Debug|Any CPU
		{7FE46A10-CD35-4C28-8D36-93A96BDBB947}.Debug|Any CPU.Build.0 = Debug|Any CPU
		{7FE46A10-CD35-4C28-8D36-93A96BDBB947}.Release|Any CPU.ActiveCfg = Release|Any CPU
		{7FE46A10-CD35-4C28-8D36-93A96BDBB947}.Release|Any CPU.Build.0 = Release|Any CPU
	EndGlobalSection
	GlobalSection(SolutionProperties) = preSolution
		HideSolutionNode = FALSE
	EndGlobalSection
	GlobalSection(ExtensibilityGlobals) = postSolution
		SolutionGuid = {51568680-5DB2-4C44-A674-277B3D34FDBD}
	EndGlobalSection
EndGlobal
